NeoBundleLock jedi-vim 3be8833913bb2166cfe711e32e76e6c036058b9d
NeoBundleLock neobundle.vim 3c9acd215202fc215af0060c5b2715cdc18a910d
NeoBundleLock neocomplcache 778181767467b8f8016828898779a646074d883a
NeoBundleLock nerdtree 4ebbb533c3faf2c480211db2b547972bb3b60f2b
NeoBundleLock perldoc-vim ef095a51f886f6fef50005c999c12f8de9bc4061
NeoBundleLock pyflakes-vim 4301e58cd5ba75ed8dfe4418d45eb8c628f758a4
NeoBundleLock slimv acf9b30be71c54db4f4875d257b905941ca69ed8
NeoBundleLock unite.vim cc60fe3e574c2b6d7959b299d99d555df4cf4af0
NeoBundleLock vim-hybrid cc58baabeabc7b83768e25b852bf89c34756bf90
NeoBundleLock vim-perl 4e75c3e3766da7294061f9bef6949e89087f821f
NeoBundleLock vim-quickrun ac9f4be0698dffb30ebdf284f8ba5abbaab5eaca
NeoBundleLock vim-scala 0b909e24f31d94552eafae610da0f31040c08f2b
NeoBundleLock vim-surround 2d05440ad23f97a7874ebd9b5de3a0e65d25d85c
NeoBundleLock vimproc.vim 81f4fa5239705724a49fbecd3299ced843f4972f
NeoBundleLock vimshell d0c5bef010237855b4de25863bc54895effe5d7a
